
Microsoft Visual Studio Solution File, Format Version 12.00
# Visual Studio Version 17
VisualStudioVersion = 17.8.34004.107
MinimumVisualStudioVersion = 10.0.40219.1
Project("{FAE04EC0-301F-11D3-BF4B-00C04F79EFBC}") = "FrontEnd", "FrontEnd\FrontEnd.csproj", "{EEC73AA6-64B5-4BA2-A4E2-2606361455EB}"
EndProject
Project("{FAE04EC0-301F-11D3-BF4B-00C04F79EFBC}") = "BackEnd", "BackEnd\BackEnd.csproj", "{C67A656C-71AB-4AB9-BADC-1BA35396E22B}"
EndProject
Global
	GlobalSection(SolutionConfigurationPlatforms) = preSolution
		Debug|Any CPU = Debug|Any CPU
		Release|Any CPU = Release|Any CPU
	EndGlobalSection
	GlobalSection(ProjectConfigurationPlatforms) = postSolution
		{EEC73AA6-64B5-4BA2-A4E2-2606361455EB}.Debug|Any CPU.ActiveCfg = Debug|Any CPU
		{EEC73AA6-64B5-4BA2-A4E2-2606361455EB}.Debug|Any CPU.Build.0 = Debug|Any CPU
		{EEC73AA6-64B5-4BA2-A4E2-2606361455EB}.Release|Any CPU.ActiveCfg = Release|Any CPU
		{EEC73AA6-64B5-4BA2-A4E2-2606361455EB}.Release|Any CPU.Build.0 = Release|Any CPU
		{C67A656C-71AB-4AB9-BADC-1BA35396E22B}.Debug|Any CPU.ActiveCfg = Debug|Any CPU
		{C67A656C-71AB-4AB9-BADC-1BA35396E22B}.Debug|Any CPU.Build.0 = Debug|Any CPU
		{C67A656C-71AB-4AB9-BADC-1BA35396E22B}.Release|Any CPU.ActiveCfg = Release|Any CPU
		{C67A656C-71AB-4AB9-BADC-1BA35396E22B}.Release|Any CPU.Build.0 = Release|Any CPU
	EndGlobalSection
	GlobalSection(SolutionProperties) = preSolution
		HideSolutionNode = FALSE
	EndGlobalSection
	GlobalSection(ExtensibilityGlobals) = postSolution
		SolutionGuid = {2B4F7FFD-655B-43F1-9965-96DC41835B9E}
	EndGlobalSection
EndGlobal
